lockfileVersion: 5.4

specifiers:
  '@playwright/test': ^1.32.0

devDependencies:
  '@playwright/test': 1.32.0

packages:

  /@playwright/test/1.32.0:
    resolution: {integrity: sha512-zOdGloaF0jeec7hqoLqM5S3L2rR4WxMJs6lgiAeR70JlH7Ml54ZPoIIf3X7cvnKde3Q9jJ/gaxkFh8fYI9s1rg==}
    engines: {node: '>=14'}
    hasBin: true
    dependencies:
      '@types/node': 18.15.5
      playwright-core: 1.32.0
    optionalDependencies:
      fsevents: 2.3.2
    dev: true

  /@types/node/18.15.5:
    resolution: {integrity: sha512-Ark2WDjjZO7GmvsyFFf81MXuGTA/d6oP38anyxWOL6EREyBKAxKoFHwBhaZxCfLRLpO8JgVXwqOwSwa7jRcjew==}
    dev: true

  /fsevents/2.3.2:
    resolution: {integrity: sha512-xiqMQR4xAeHTuB9uWm+fFRcIOgKBMiOBP+eXiyT7jsgVCq1bkVygt00oASowB7EdtpOHaaPgKt812P9ab+DDKA==}
    engines: {node: ^8.16.0 || ^10.6.0 || >=11.0.0}
    os: [darwin]
    requiresBuild: true
    dev: true
    optional: true

  /playwright-core/1.32.0:
    resolution: {integrity: sha512-Z9Ij17X5Z3bjpp6XKujGBp9Gv4eViESac9aDmwgQFUEJBW0K80T21m/Z+XJQlu4cNsvPygw33b6V1Va6Bda5zQ==}
    engines: {node: '>=14'}
    hasBin: true
    dev: true
